
Microsoft Visual Studio Solution File, Format Version 12.00
# Visual Studio 15
VisualStudioVersion = 15.0.28010.2019
MinimumVisualStudioVersion = 10.0.40219.1
Project("{FAE04EC0-301F-11D3-BF4B-00C04F79EFBC}") = "EmployeeManagement", "EmployeeManagement\EmployeeManagement.csproj", "{FEAD8EDF-18DE-4CA9-AA23-725DDC9190A3}"
EndProject
Global
	GlobalSection(SolutionConfigurationPlatforms) = preSolution
		Debug|Any CPU = Debug|Any CPU
		Release|Any CPU = Release|Any CPU
	EndGlobalSection
	GlobalSection(ProjectConfigurationPlatforms) = postSolution
		{FEAD8EDF-18DE-4CA9-AA23-725DDC9190A3}.Debug|Any CPU.ActiveCfg = Debug|Any CPU
		{FEAD8EDF-18DE-4CA9-AA23-725DDC9190A3}.Debug|Any CPU.Build.0 = Debug|Any CPU
		{FEAD8EDF-18DE-4CA9-AA23-725DDC9190A3}.Release|Any CPU.ActiveCfg = Release|Any CPU
		{FEAD8EDF-18DE-4CA9-AA23-725DDC9190A3}.Release|Any CPU.Build.0 = Release|Any CPU
	EndGlobalSection
	GlobalSection(SolutionProperties) = preSolution
		HideSolutionNode = FALSE
	EndGlobalSection
	GlobalSection(ExtensibilityGlobals) = postSolution
		SolutionGuid = {ED5A96DA-034B-498B-A037-885E6C2A5C76}
	EndGlobalSection
EndGlobal
